
Microsoft Visual Studio Solution File, Format Version 12.00
# Visual Studio Version 17
VisualStudioVersion = 17.5.002.0
MinimumVisualStudioVersion = 10.0.40219.1
Project("{2150E333-8FDC-42A3-9474-1A3956D46DE8}") = "backend", "backend", "{4CF64353-0EEB-4E55-8691-35B0FE047DA9}"
EndProject
Project("{9A19103F-16F7-4668-BE54-9A1E7A4F7556}") = "api", "backend\api\api.csproj", "{82EF1B40-E0D7-4C22-9AA4-A0952BCF35CB}"
EndProject
Global
	GlobalSection(SolutionConfigurationPlatforms) = preSolution
		Debug|Any CPU = Debug|Any CPU
		Release|Any CPU = Release|Any CPU
	EndGlobalSection
	GlobalSection(ProjectConfigurationPlatforms) = postSolution
		{82EF1B40-E0D7-4C22-9AA4-A0952BCF35CB}.Debug|Any CPU.ActiveCfg = Debug|Any CPU
		{82EF1B40-E0D7-4C22-9AA4-A0952BCF35CB}.Debug|Any CPU.Build.0 = Debug|Any CPU
		{82EF1B40-E0D7-4C22-9AA4-A0952BCF35CB}.Release|Any CPU.ActiveCfg = Release|Any CPU
		{82EF1B40-E0D7-4C22-9AA4-A0952BCF35CB}.Release|Any CPU.Build.0 = Release|Any CPU
	EndGlobalSection
	GlobalSection(SolutionProperties) = preSolution
		HideSolutionNode = FALSE
	EndGlobalSection
	GlobalSection(NestedProjects) = preSolution
		{82EF1B40-E0D7-4C22-9AA4-A0952BCF35CB} = {4CF64353-0EEB-4E55-8691-35B0FE047DA9}
	EndGlobalSection
	GlobalSection(ExtensibilityGlobals) = postSolution
		SolutionGuid = {B5D3C923-B97F-4A3B-A9F7-B574BF555F0B}
	EndGlobalSection
EndGlobal
